
Microsoft Visual Studio Solution File, Format Version 12.00
# Visual Studio 15
VisualStudioVersion = 15.0.28307.779
MinimumVisualStudioVersion = 10.0.40219.1
Project("{FAE04EC0-301F-11D3-BF4B-00C04F79EFBC}") = "TouristApp", "TouristApp\TouristApp.csproj", "{149136AF-9E28-4BB7-9CEF-537802C548DB}"
EndProject
Global
	GlobalSection(SolutionConfigurationPlatforms) = preSolution
		Debug|Any CPU = Debug|Any CPU
		Release|Any CPU = Release|Any CPU
	EndGlobalSection
	GlobalSection(ProjectConfigurationPlatforms) = postSolution
		{149136AF-9E28-4BB7-9CEF-537802C548DB}.Debug|Any CPU.ActiveCfg = Debug|Any CPU
		{149136AF-9E28-4BB7-9CEF-537802C548DB}.Debug|Any CPU.Build.0 = Debug|Any CPU
		{149136AF-9E28-4BB7-9CEF-537802C548DB}.Release|Any CPU.ActiveCfg = Release|Any CPU
		{149136AF-9E28-4BB7-9CEF-537802C548DB}.Release|Any CPU.Build.0 = Release|Any CPU
	EndGlobalSection
	GlobalSection(SolutionProperties) = preSolution
		HideSolutionNode = FALSE
	EndGlobalSection
	GlobalSection(ExtensibilityGlobals) = postSolution
		SolutionGuid = {7DBA93DB-8EC5-436B-BD74-5F11D2D4A73F}
	EndGlobalSection
EndGlobal
